
Microsoft Visual Studio Solution File, Format Version 12.00
# Visual Studio Version 16
VisualStudioVersion = 16.0.31729.503
MinimumVisualStudioVersion = 10.0.40219.1
Project("{FAE04EC0-301F-11D3-BF4B-00C04F79EFBC}") = "Client", "Client\Client.csproj", "{3D47557F-3E56-4E4E-ABA7-B6A7B909F639}"
EndProject
Global
	GlobalSection(SolutionConfigurationPlatforms) = preSolution
		Debug|Any CPU = Debug|Any CPU
		Release|Any CPU = Release|Any CPU
	EndGlobalSection
	GlobalSection(ProjectConfigurationPlatforms) = postSolution
		{3D47557F-3E56-4E4E-ABA7-B6A7B909F639}.Debug|Any CPU.ActiveCfg = Debug|Any CPU
		{3D47557F-3E56-4E4E-ABA7-B6A7B909F639}.Debug|Any CPU.Build.0 = Debug|Any CPU
		{3D47557F-3E56-4E4E-ABA7-B6A7B909F639}.Release|Any CPU.ActiveCfg = Release|Any CPU
		{3D47557F-3E56-4E4E-ABA7-B6A7B909F639}.Release|Any CPU.Build.0 = Release|Any CPU
	EndGlobalSection
	GlobalSection(SolutionProperties) = preSolution
		HideSolutionNode = FALSE
	EndGlobalSection
	GlobalSection(ExtensibilityGlobals) = postSolution
		SolutionGuid = {94FDAC16-2FB8-4710-9CF2-0FBA12F522D9}
	EndGlobalSection
EndGlobal
